{
  "version": 4,
  "terraform_version": "0.14.7",
  "serial": 1,
  "lineage": "0b6c35c3-2028-e607-7a1d-76d50b6eb375",
  "outputs": {},
  "resources": [
    {
      "mode": "data",
      "type": "aws_caller_identity",
      "name": "current",
      "provider": "provider[\"registry.terraform.io/hashicorp/aws\"]",
      "instances": [
        {
          "schema_version": 0,
          "attributes": {
            "account_id": "089451748452",
            "arn": "arn:aws:iam::089451748452:user/rodrigo.mafra.user",
            "id": "089451748452",
            "user_id": "AIDARJU55LRSL3QU6OZKD"
          },
          "sensitive_attributes": []
        }
      ]
    },
    {
      "module": "module.images",
      "mode": "managed",
      "type": "aws_s3_bucket",
      "name": "image-bucket",
      "provider": "provider[\"registry.terraform.io/hashicorp/aws\"]",
      "instances": [
        {
          "schema_version": 0,
          "attributes": {
            "acceleration_status": "",
            "acl": "private",
            "arn": "arn:aws:s3:::uploaded-images-dev",
            "bucket": "uploaded-images-dev",
            "bucket_domain_name": "uploaded-images-dev.s3.amazonaws.com",
            "bucket_prefix": null,
            "bucket_regional_domain_name": "uploaded-images-dev.s3.amazonaws.com",
            "cors_rule": [],
            "force_destroy": false,
            "grant": [],
            "hosted_zone_id": "Z3AQBSTGFYJSTF",
            "id": "uploaded-images-dev",
            "lifecycle_rule": [],
            "logging": [],
            "object_lock_configuration": [],
            "policy": null,
            "region": "us-east-1",
            "replication_configuration": [],
            "request_payer": "BucketOwner",
            "server_side_encryption_configuration": [],
            "tags": null,
            "versioning": [
              {
                "enabled": false,
                "mfa_delete": false
              }
            ],
            "website": [],
            "website_domain": null,
            "website_endpoint": null
          },
          "sensitive_attributes": [],
          "private": "bnVsbA=="
        }
      ]
    }
  ]
}
